
Microsoft Visual Studio Solution File, Format Version 12.00
# Visual Studio Version 17
VisualStudioVersion = 17.6.33723.286
MinimumVisualStudioVersion = 10.0.40219.1
Project("{FAE04EC0-301F-11D3-BF4B-00C04F79EFBC}") = "RentaKranApp", "RentaKranApp.csproj", "{1E0272E4-A116-4D63-AEE9-40D6BA8F1A07}"
EndProject
Global
	GlobalSection(SolutionConfigurationPlatforms) = preSolution
		Debug|Any CPU = Debug|Any CPU
		Release|Any CPU = Release|Any CPU
	EndGlobalSection
	GlobalSection(ProjectConfigurationPlatforms) = postSolution
		{1E0272E4-A116-4D63-AEE9-40D6BA8F1A07}.Debug|Any CPU.ActiveCfg = Debug|Any CPU
		{1E0272E4-A116-4D63-AEE9-40D6BA8F1A07}.Debug|Any CPU.Build.0 = Debug|Any CPU
		{1E0272E4-A116-4D63-AEE9-40D6BA8F1A07}.Release|Any CPU.ActiveCfg = Release|Any CPU
		{1E0272E4-A116-4D63-AEE9-40D6BA8F1A07}.Release|Any CPU.Build.0 = Release|Any CPU
	EndGlobalSection
	GlobalSection(SolutionProperties) = preSolution
		HideSolutionNode = FALSE
	EndGlobalSection
	GlobalSection(ExtensibilityGlobals) = postSolution
		SolutionGuid = {086BCE41-E3C9-404F-A98A-858BADE2E6EB}
	EndGlobalSection
EndGlobal
